{
  "name": "kairui1012-profile-metrics",
  "lockfileVersion": 3,
  "requires": true,
  "packages": {
    "": {
      "name": "kairui1012-profile-metrics",
      "dependencies": {
        "linguist-js": "3.0.3"
      },
      "engines": {
        "node": ">=26"
      }
    },
    "node_modules/argparse": {
      "version": "2.0.1",
      "resolved": "https://registry.npmjs.org/argparse/-/argparse-2.0.1.tgz",
      "integrity": "sha512-8+9WqebbFzpX9OR+Wa6O29asIogeRMzcGtAINdpMHHyAg10f05aSFVBbcEqGf/PXw1EjAZ+q2/bEBg3DvurK3Q==",
      "license": "Python-2.0"
    },
    "node_modules/binary-extensions": {
      "version": "3.2.0",
      "resolved": "https://registry.npmjs.org/binary-extensions/-/binary-extensions-3.2.0.tgz",
      "integrity": "sha512-DjR9rgAOMQn9TrUHzijJUtvoKviDRvFxuIyqZrubxHqRpQN9OzfXrrLivm7xb3q8oJSKsiuBor4bAS2wafLnVQ==",
      "license": "MIT",
      "engines": {
        "node": ">=18.20"
      },
      "funding": {
        "url": "https://github.com/sponsors/sindresorhus"
      }
    },
    "node_modules/clone": {
      "version": "2.1.2",
      "resolved": "https://registry.npmjs.org/clone/-/clone-2.1.2.tgz",
      "integrity": "sha512-3Pe/CF1Nn94hyhIYpjtiLhdCoEoz0DqQ+988E9gmeEdQZlojxnOb74wctFyuwWQHzqyf9X7C7MG8juUpqBJT8w==",
      "license": "MIT",
      "engines": {
        "node": ">=0.8"
      }
    },
    "node_modules/commander": {
      "version": "14.0.3",
      "resolved": "https://registry.npmjs.org/commander/-/commander-14.0.3.tgz",
      "integrity": "sha512-H+y0Jo/T1RZ9qPP4Eh1pkcQcLRglraJaSLoyOtHxu6AapkjWVCy2Sit1QQ4x3Dng8qDlSsZEet7g5Pq06MvTgw==",
      "license": "MIT",
      "engines": {
        "node": ">=20"
      }
    },
    "node_modules/common-path-prefix": {
      "version": "3.0.0",
      "resolved": "https://registry.npmjs.org/common-path-prefix/-/common-path-prefix-3.0.0.tgz",
      "integrity": "sha512-QE33hToZseCH3jS0qN96O/bSh3kaw/h+Tq7ngyY9eWDUnTlTNUyqfqvCXioLe5Na5jFsL78ra/wuBU4iuEgd4w==",
      "license": "ISC"
    },
    "node_modules/ignore": {
      "version": "7.0.9",
      "resolved": "https://registry.npmjs.org/ignore/-/ignore-7.0.9.tgz",
      "integrity": "sha512-brTTsvFRt5C1gGHtPst/281UjPD5t9fBqbgoMPlVWy11ZLTPfu7HxK4ZYqO9H7o/yC9rSTCI85EaQ4OoY12qYw==",
      "license": "MIT",
      "engines": {
        "node": ">= 4"
      }
    },
    "node_modules/isbinaryfile": {
      "version": "6.0.0",
      "resolved": "https://registry.npmjs.org/isbinaryfile/-/isbinaryfile-6.0.0.tgz",
      "integrity": "sha512-2FN2B8MAqKv6d5TaKsLvMrwMcghxwHTpcKy0L5mhNbRqjNqo2++SpCqN6eG1lCC1GmTQgvrYJYXv2+Chvyevag==",
      "license": "MIT",
      "engines": {
        "node": ">= 24.0.0"
      },
      "funding": {
        "url": "https://github.com/sponsors/gjtorikian/"
      }
    },
    "node_modules/js-yaml": {
      "version": "4.3.2",
      "resolved": "https://registry.npmjs.org/js-yaml/-/js-yaml-4.3.2.tgz",
      "integrity": "sha512-SFNOvSJ+Dgf/9An904Yx+CgSlIPCkIpao4qo51lpee25TIRejdH3rhR4EZMGoNx3/TP3O+wzWuiTFl4sqbltzA==",
      "funding": [
        {
          "type": "github",
          "url": "https://github.com/sponsors/puzrin"
        },
        {
          "type": "github",
          "url": "https://github.com/sponsors/nodeca"
        }
      ],
      "license": "MIT",
      "dependencies": {
        "argparse": "^2.0.1"
      },
      "bin": {
        "js-yaml": "bin/js-yaml.js"
      }
    },
    "node_modules/linguist-js": {
      "version": "3.0.3",
      "resolved": "https://registry.npmjs.org/linguist-js/-/linguist-js-3.0.3.tgz",
      "integrity": "sha512-egV9nG7vgX0mn/yJJ4FIyv9b6jjT+IPFF8vbdQeCXBWSTJteOJ7HctrsoCwWaHQaCiOLXX0t4jFZtqvXOJl3/w==",
      "license": "ISC",
      "dependencies": {
        "binary-extensions": "^3.1.0",
        "commander": "^14.0.3",
        "common-path-prefix": "^3.0.0",
        "ignore": "^7.0.6",
        "isbinaryfile": "^6.0.0",
        "js-yaml": "^4.3.1",
        "node-cache": "^5.1.2"
      },
      "bin": {
        "linguist": "bin/index.js",
        "linguist-js": "bin/index.js"
      },
      "engines": {
        "node": ">=26",
        "npm": ">=10"
      }
    },
    "node_modules/node-cache": {
      "version": "5.1.2",
      "resolved": "https://registry.npmjs.org/node-cache/-/node-cache-5.1.2.tgz",
      "integrity": "sha512-t1QzWwnk4sjLWaQAS8CHgOJ+RAfmHpxFWmc36IWTiWHQfs0w5JDMBS1b1ZxQteo0vVVuWJvIUKHDkkeK7vIGCg==",
      "license": "MIT",
      "dependencies": {
        "clone": "2.x"
      },
      "engines": {
        "node": ">= 8.0.0"
      }
    }
  }
}
